
Microsoft Visual Studio Solution File, Format Version 12.00
# Visual Studio Version 17
VisualStudioVersion = 17.5.33414.496
MinimumVisualStudioVersion = 10.0.40219.1
Project("{FAE04EC0-301F-11D3-BF4B-00C04F79EFBC}") = "Calabonga.Catalog2023.Web", "Calabonga.Catalog2023\Calabonga.Catalog2023.Web\Calabonga.Catalog2023.Web.csproj", "{43E6C69E-76B9-42E7-8908-9B5F2403B885}"
EndProject
Project("{FAE04EC0-301F-11D3-BF4B-00C04F79EFBC}") = "Calabonga.Catalog2023.Domain", "Calabonga.Catalog2023\Calabonga.Catalog2023.Domain\Calabonga.Catalog2023.Domain.csproj", "{EBB5021D-71CF-468E-B521-4F7425F45962}"
EndProject
Project("{FAE04EC0-301F-11D3-BF4B-00C04F79EFBC}") = "Calabonga.Catalog2023.Infrastructure", "Calabonga.Catalog2023\Calabonga.Catalog2023.Infrastructure\Calabonga.Catalog2023.Infrastructure.csproj", "{68ADB565-952D-42F1-B7DA-D3542C6D92F3}"
EndProject
Global
	GlobalSection(SolutionConfigurationPlatforms) = preSolution
		Debug|Any CPU = Debug|Any CPU
		Release|Any CPU = Release|Any CPU
	EndGlobalSection
	GlobalSection(ProjectConfigurationPlatforms) = postSolution
		{43E6C69E-76B9-42E7-8908-9B5F2403B885}.Debug|Any CPU.ActiveCfg = Debug|Any CPU
		{43E6C69E-76B9-42E7-8908-9B5F2403B885}.Debug|Any CPU.Build.0 = Debug|Any CPU
		{43E6C69E-76B9-42E7-8908-9B5F2403B885}.Release|Any CPU.ActiveCfg = Release|Any CPU
		{43E6C69E-76B9-42E7-8908-9B5F2403B885}.Release|Any CPU.Build.0 = Release|Any CPU
		{EBB5021D-71CF-468E-B521-4F7425F45962}.Debug|Any CPU.ActiveCfg = Debug|Any CPU
		{EBB5021D-71CF-468E-B521-4F7425F45962}.Debug|Any CPU.Build.0 = Debug|Any CPU
		{EBB5021D-71CF-468E-B521-4F7425F45962}.Release|Any CPU.ActiveCfg = Release|Any CPU
		{EBB5021D-71CF-468E-B521-4F7425F45962}.Release|Any CPU.Build.0 = Release|Any CPU
		{68ADB565-952D-42F1-B7DA-D3542C6D92F3}.Debug|Any CPU.ActiveCfg = Debug|Any CPU
		{68ADB565-952D-42F1-B7DA-D3542C6D92F3}.Debug|Any CPU.Build.0 = Debug|Any CPU
		{68ADB565-952D-42F1-B7DA-D3542C6D92F3}.Release|Any CPU.ActiveCfg = Release|Any CPU
		{68ADB565-952D-42F1-B7DA-D3542C6D92F3}.Release|Any CPU.Build.0 = Release|Any CPU
	EndGlobalSection
	GlobalSection(SolutionProperties) = preSolution
		HideSolutionNode = FALSE
	EndGlobalSection
	GlobalSection(ExtensibilityGlobals) = postSolution
		SolutionGuid = {C48A53D0-FBD3-4425-B96D-F503377B4846}
	EndGlobalSection
EndGlobal
