
Microsoft Visual Studio Solution File, Format Version 12.00
# Visual Studio Version 16
VisualStudioVersion = 16.0.28803.352
MinimumVisualStudioVersion = 10.0.40219.1
Project("{FAE04EC0-301F-11D3-BF4B-00C04F79EFBC}") = "Calabonga.Catalog.Web", "Calabonga.Catalog\Calabonga.Catalog.Web\Calabonga.Catalog.Web.csproj", "{D9B67765-FABE-415C-9FC6-1CE436E02185}"
EndProject
Project("{FAE04EC0-301F-11D3-BF4B-00C04F79EFBC}") = "Calabonga.Catalog.Data", "Calabonga.Catalog\Calabonga.Catalog.Data\Calabonga.Catalog.Data.csproj", "{D6E5C866-3627-46EE-8A55-3D5EFBC2F025}"
EndProject
Project("{FAE04EC0-301F-11D3-BF4B-00C04F79EFBC}") = "Calabonga.Catalog.Models", "Calabonga.Catalog\Calabonga.Catalog.Models\Calabonga.Catalog.Models.csproj", "{D2388DBA-E1EF-426E-8B0F-D4FB39373780}"
EndProject
Project("{FAE04EC0-301F-11D3-BF4B-00C04F79EFBC}") = "Calabonga.Catalog.Core", "Calabonga.Catalog\Calabonga.Catalog.Core\Calabonga.Catalog.Core.csproj", "{1583C97B-9A49-4D83-BD18-8C067BEEE6F2}"
EndProject
Global
	GlobalSection(SolutionConfigurationPlatforms) = preSolution
		Debug|Any CPU = Debug|Any CPU
		Release|Any CPU = Release|Any CPU
	EndGlobalSection
	GlobalSection(ProjectConfigurationPlatforms) = postSolution
		{D9B67765-FABE-415C-9FC6-1CE436E02185}.Debug|Any CPU.ActiveCfg = Debug|Any CPU
		{D9B67765-FABE-415C-9FC6-1CE436E02185}.Debug|Any CPU.Build.0 = Debug|Any CPU
		{D9B67765-FABE-415C-9FC6-1CE436E02185}.Release|Any CPU.ActiveCfg = Release|Any CPU
		{D9B67765-FABE-415C-9FC6-1CE436E02185}.Release|Any CPU.Build.0 = Release|Any CPU
		{D6E5C866-3627-46EE-8A55-3D5EFBC2F025}.Debug|Any CPU.ActiveCfg = Debug|Any CPU
		{D6E5C866-3627-46EE-8A55-3D5EFBC2F025}.Debug|Any CPU.Build.0 = Debug|Any CPU
		{D6E5C866-3627-46EE-8A55-3D5EFBC2F025}.Release|Any CPU.ActiveCfg = Release|Any CPU
		{D6E5C866-3627-46EE-8A55-3D5EFBC2F025}.Release|Any CPU.Build.0 = Release|Any CPU
		{D2388DBA-E1EF-426E-8B0F-D4FB39373780}.Debug|Any CPU.ActiveCfg = Debug|Any CPU
		{D2388DBA-E1EF-426E-8B0F-D4FB39373780}.Debug|Any CPU.Build.0 = Debug|Any CPU
		{D2388DBA-E1EF-426E-8B0F-D4FB39373780}.Release|Any CPU.ActiveCfg = Release|Any CPU
		{D2388DBA-E1EF-426E-8B0F-D4FB39373780}.Release|Any CPU.Build.0 = Release|Any CPU
		{1583C97B-9A49-4D83-BD18-8C067BEEE6F2}.Debug|Any CPU.ActiveCfg = Debug|Any CPU
		{1583C97B-9A49-4D83-BD18-8C067BEEE6F2}.Debug|Any CPU.Build.0 = Debug|Any CPU
		{1583C97B-9A49-4D83-BD18-8C067BEEE6F2}.Release|Any CPU.ActiveCfg = Release|Any CPU
		{1583C97B-9A49-4D83-BD18-8C067BEEE6F2}.Release|Any CPU.Build.0 = Release|Any CPU
	EndGlobalSection
	GlobalSection(SolutionProperties) = preSolution
		HideSolutionNode = FALSE
	EndGlobalSection
	GlobalSection(ExtensibilityGlobals) = postSolution
		SolutionGuid = {05216FB9-0D82-420E-982B-955887953AFE}
	EndGlobalSection
EndGlobal
